version = 1
revision = 3
requires-python = ">=3.11"

[options]
resolution-mode = "lowest-direct"

[[package]]
name = "anyio"
version = "4.13.0"
source = { registry = "https://pypi.org/simple" }
dependencies = [
    { name = "idna" },
    { name = "typing-extensions", marker = "python_full_version < '3.13'" },
]
sdist = { url = "https://files.pythonhosted.org/packages/19/14/2c5dd9f512b66549ae92767a9c7b330ae88e1932ca57876909410251fe13/anyio-4.13.0.tar.gz", hash = "sha256:334b70e641fd2221c1505b3890c69882fe4a2df910cba14d97019b90b24439dc", size = 231622, upload-time = "2026-03-24T12:59:09.671Z" }
wheels = [
    { url = "https://files.pythonhosted.org/packages/da/42/e921fccf5015463e32a3cf6ee7f980a6ed0f395ceeaa45060b61d86486c2/anyio-4.13.0-py3-none-any.whl", hash = "sha256:08b310f9e24a9594186fd75b4f73f4a4152069e3853f1ed8bfbf58369f4ad708", size = 114353, upload-time = "2026-03-24T12:59:08.246Z" },
]

[[package]]
name = "certifi"
version = "2026.5.20"
source = { registry = "https://pypi.org/simple" }
sdist = { url = "https://files.pythonhosted.org/packages/f3/ce/ee2ecad540810a79593028e88299baeae54d346cc7a0d94b6199988b89b1/certifi-2026.5.20.tar.gz", hash = "sha256:69dea482ab64caa7b9f6aba1c6bf48bb6a5448d1c0f1b17ab42ad8c763a5344d", size = 135422, upload-time = "2026-05-20T11:46:50.073Z" }
wheels = [
    { url = "https://files.pythonhosted.org/packages/59/8c/57e832b7af6d7c5abe66eb3fbe3a3a32f4d11ea23a1aa7131371035be991/certifi-2026.5.20-py3-none-any.whl", hash = "sha256:3c52e209ba0a4ad7aebe60436a4ab349c39e1e602e8c134221e546902ad25897", size = 134134, upload-time = "2026-05-20T11:46:48.578Z" },
]

[[package]]
name = "charset-normalizer"
version = "2.0.12"
source = { registry = "https://pypi.org/simple" }
sdist = { url = "https://files.pythonhosted.org/packages/56/31/7bcaf657fafb3c6db8c787a865434290b726653c912085fbd371e9b92e1c/charset-normalizer-2.0.12.tar.gz", hash = "sha256:2857e29ff0d34db842cd7ca3230549d1a697f96ee6d3fb071cfa6c7393832597", size = 79105, upload-time = "2022-02-12T14:33:13.788Z" }
wheels = [
    { url = "https://files.pythonhosted.org/packages/06/b3/24afc8868eba069a7f03650ac750a778862dc34941a4bebeb58706715726/charset_normalizer-2.0.12-py3-none-any.whl", hash = "sha256:6881edbebdb17b39b4eaaa821b438bf6eddffb4468cf344f09f89def34a8b1df", size = 39623, upload-time = "2022-02-12T14:33:12.294Z" },
]

[[package]]
name = "dmm-python"
version = "0.1.0"
source = { editable = "." }
dependencies = [
    { name = "msgspec" },
]

[package.optional-dependencies]
httpx = [
    { name = "httpx" },
]
requests = [
    { name = "requests" },
]

[package.dev-dependencies]
dev = [
    { name = "httpx" },
    { name = "requests" },
]

[package.metadata]
requires-dist = [
    { name = "httpx", marker = "extra == 'httpx'", specifier = ">=0.23.1" },
    { name = "msgspec", specifier = ">=0.17.0" },
    { name = "requests", marker = "extra == 'requests'", specifier = ">=2.28.0" },
]
provides-extras = ["requests", "httpx"]

[package.metadata.requires-dev]
dev = [
    { name = "httpx", specifier = ">=0.23.1" },
    { name = "requests", specifier = ">=2.28.0" },
]

[[package]]
name = "h11"
version = "0.14.0"
source = { registry = "https://pypi.org/simple" }
sdist = { url = "https://files.pythonhosted.org/packages/f5/38/3af3d3633a34a3316095b39c8e8fb4853a28a536e55d347bd8d8e9a14b03/h11-0.14.0.tar.gz", hash = "sha256:8f19fbbe99e72420ff35c00b27a34cb9937e902a8b810e2c88300c6f0a3b699d", size = 100418, upload-time = "2022-09-25T15:40:01.519Z" }
wheels = [
    { url = "https://files.pythonhosted.org/packages/95/04/ff642e65ad6b90db43e668d70ffb6736436c7ce41fcc549f4e9472234127/h11-0.14.0-py3-none-any.whl", hash = "sha256:e3fe4ac4b851c468cc8363d500db52c2ead036020723024a109d37346efaa761", size = 58259, upload-time = "2022-09-25T15:39:59.68Z" },
]

[[package]]
name = "httpcore"
version = "0.16.3"
source = { registry = "https://pypi.org/simple" }
dependencies = [
    { name = "anyio" },
    { name = "certifi" },
    { name = "h11" },
    { name = "sniffio" },
]
sdist = { url = "https://files.pythonhosted.org/packages/61/42/5c456b02816845d163fab0f32936b6a5b649f3f915beff6f819f4f6c90b2/httpcore-0.16.3.tar.gz", hash = "sha256:c5d6f04e2fc530f39e0c077e6a30caa53f1451096120f1f38b954afd0b17c0cb", size = 54929, upload-time = "2022-12-20T12:13:57.041Z" }
wheels = [
    { url = "https://files.pythonhosted.org/packages/04/7e/ef97af4623024e8159993b3114ce208de4f677098ae058ec5882a1bf7605/httpcore-0.16.3-py3-none-any.whl", hash = "sha256:da1fb708784a938aa084bde4feb8317056c55037247c787bd7e19eb2c2949dc0", size = 69561, upload-time = "2022-12-20T12:13:55.471Z" },
]

[[package]]
name = "httpx"
version = "0.23.1"
source = { registry = "https://pypi.org/simple" }
dependencies = [
    { name = "certifi" },
    { name = "httpcore" },
    { name = "rfc3986", extra = ["idna2008"] },
    { name = "sniffio" },
]
sdist = { url = "https://files.pythonhosted.org/packages/8a/df/a3e8b91dfb452e645ef110985a30f0915276a1a2144004c7671c07bb203c/httpx-0.23.1.tar.gz", hash = "sha256:202ae15319be24efe9a8bd4ed4360e68fde7b38bcc2ce87088d416f026667d19", size = 90447, upload-time = "2022-11-18T12:50:44.259Z" }
wheels = [
    { url = "https://files.pythonhosted.org/packages/e1/74/cdce73069e021ad5913451b86c2707b027975cf302016ca557686d87eb41/httpx-0.23.1-py3-none-any.whl", hash = "sha256:0b9b1f0ee18b9978d637b0776bfd7f54e2ca278e063e3586d8f01cda89e042a8", size = 84968, upload-time = "2022-11-18T12:50:41.833Z" },
]

[[package]]
name = "idna"
version = "3.16"
source = { registry = "https://pypi.org/simple" }
sdist = { url = "https://files.pythonhosted.org/packages/1a/88/bcf9709822fe69d02c2a6a77956c98ce6ea8ca8767a9aadcedc7eb6a2390/idna-3.16.tar.gz", hash = "sha256:d7a6da03db833450fca25d2358ac9ff06cd624577a4aea3a596d5c0f77b8e03d", size = 203770, upload-time = "2026-05-22T00:16:18.781Z" }
wheels = [
    { url = "https://files.pythonhosted.org/packages/94/16/70255075a9859a0e3adb789b68ceb0e210dec03934245fd98d248226572f/idna-3.16-py3-none-any.whl", hash = "sha256:cc246e3a3f89580c3a951b5ad298ca4638078b2cdd4f115654332b5c26daded5", size = 74165, upload-time = "2026-05-22T00:16:16.698Z" },
]

[[package]]
name = "msgspec"
version = "0.17.0"
source = { registry = "https://pypi.org/simple" }
sdist = { url = "https://files.pythonhosted.org/packages/23/5c/525fef1118500a5ff9b97f42d1932370e548197873ff3e398ed000521251/msgspec-0.17.0.tar.gz", hash = "sha256:4e2f2faeeb7aef5c2e4c78e375443134238ee966e54bba75cdb1936939673da7", size = 203719, upload-time = "2023-07-12T01:27:35.145Z" }
wheels = [
    { url = "https://files.pythonhosted.org/packages/ff/91/d58e946bb6f144dd1be4250bd7bfb725f343b8037e295bd02ebe69742a08/msgspec-0.17.0-cp311-cp311-macosx_10_9_x86_64.whl", hash = "sha256:c1a0c8390014ee2b65d0d36d9cc28e74092166e8f44adf3dcb85e1ef25933787", size = 185959, upload-time = "2023-07-12T01:26:58.619Z" },
    { url = "https://files.pythonhosted.org/packages/ba/40/dedb81abc00f943c486cf262e91997648e32c1ac3e731a4dfa550cae6b20/msgspec-0.17.0-cp311-cp311-macosx_11_0_arm64.whl", hash = "sha256:f8096ca82e9a3e6fa09106bfac27eb8296c4cead02fdd297bb8af87254e58bad", size = 176624, upload-time = "2023-07-12T01:27:00.113Z" },
    { url = "https://files.pythonhosted.org/packages/6e/a3/7e28872da3df0e0f76fdfcb7186db3a264e26c9a3ec86fa30ba63b43406e/msgspec-0.17.0-cp311-cp311-manylinux_2_17_aarch64.manylinux2014_aarch64.whl", hash = "sha256:025986a5b1fd81c3dd1bb591bbc01ac03844b57685fcf4a14ed07ae1967b6d03", size = 194256, upload-time = "2023-07-12T01:27:02.261Z" },
    { url = "https://files.pythonhosted.org/packages/60/99/24d8bbbe107c6d506e3799db7581461953e5f309d339853a7cd84f2e2080/msgspec-0.17.0-cp311-cp311-manylinux_2_17_x86_64.manylinux2014_x86_64.whl", hash = "sha256:4b0c52118aec347d15f75354b2fa27f1c9cd29b6ec12b74ef2ef988a0d702f5d", size = 196417, upload-time = "2023-07-12T01:27:03.802Z" },
    { url = "https://files.pythonhosted.org/packages/77/b8/be04ab99671c80d1d9905a8a050bde5eee4bacda738509fd2bce8ec1768f/msgspec-0.17.0-cp311-cp311-musllinux_1_1_aarch64.whl", hash = "sha256:86ca5710174970d9aeefc2ced4fcc4a27f5ff065840356cf1c747399aa4ad5a8", size = 195827, upload-time = "2023-07-12T01:27:05.743Z" },
    { url = "https://files.pythonhosted.org/packages/36/f7/35ee594db7b6aec1126210c4daa80554b3acb0b6e3a030e06a8eb8c267cb/msgspec-0.17.0-cp311-cp311-musllinux_1_1_x86_64.whl", hash = "sha256:3d39dc3a44a479f35afcc21d97c4ea90a385afee0b766c7780ca2bda99480e3c", size = 197379, upload-time = "2023-07-12T01:27:07.734Z" },
    { url = "https://files.pythonhosted.org/packages/8d/ba/32094e7a8a0129eeff6c434d94851353940dda4179e68ff53d4762b3ef44/msgspec-0.17.0-cp311-cp311-win_amd64.whl", hash = "sha256:79c3ab0bac7dd6492f6c03e347f0e9e5187d9658b8e7c85fdc96dd4820de970b", size = 173416, upload-time = "2023-07-12T01:27:09.171Z" },
]

[[package]]
name = "requests"
version = "2.28.0"
source = { registry = "https://pypi.org/simple" }
dependencies = [
    { name = "certifi" },
    { name = "charset-normalizer" },
    { name = "idna" },
    { name = "urllib3" },
]
sdist = { url = "https://files.pythonhosted.org/packages/e9/23/384d9953bb968731212dc37af87cb75a885dc48e0615bd6a303577c4dc4b/requests-2.28.0.tar.gz", hash = "sha256:d568723a7ebd25875d8d1eaf5dfa068cd2fc8194b2e483d7b1f7c81918dbec6b", size = 109748, upload-time = "2022-06-09T14:44:36.903Z" }
wheels = [
    { url = "https://files.pythonhosted.org/packages/41/5b/2209eba8133fc081d3ffff02e1f6376e3117e52bb16f674721a83e67e68e/requests-2.28.0-py3-none-any.whl", hash = "sha256:bc7861137fbce630f17b03d3ad02ad0bf978c844f3536d0edda6499dafce2b6f", size = 62849, upload-time = "2022-06-09T14:44:34.115Z" },
]

[[package]]
name = "rfc3986"
version = "1.5.0"
source = { registry = "https://pypi.org/simple" }
sdist = { url = "https://files.pythonhosted.org/packages/79/30/5b1b6c28c105629cc12b33bdcbb0b11b5bb1880c6cfbd955f9e792921aa8/rfc3986-1.5.0.tar.gz", hash = "sha256:270aaf10d87d0d4e095063c65bf3ddbc6ee3d0b226328ce21e036f946e421835", size = 49378, upload-time = "2021-05-07T23:29:27.183Z" }
wheels = [
    { url = "https://files.pythonhosted.org/packages/c4/e5/63ca2c4edf4e00657584608bee1001302bbf8c5f569340b78304f2f446cb/rfc3986-1.5.0-py2.py3-none-any.whl", hash = "sha256:a86d6e1f5b1dc238b218b012df0aa79409667bb209e58da56d0b94704e712a97", size = 31976, upload-time = "2021-05-07T23:29:25.611Z" },
]

[package.optional-dependencies]
idna2008 = [
    { name = "idna" },
]

[[package]]
name = "sniffio"
version = "1.3.1"
source = { registry = "https://pypi.org/simple" }
sdist = { url = "https://files.pythonhosted.org/packages/a2/87/a6771e1546d97e7e041b6ae58d80074f81b7d5121207425c964ddf5cfdbd/sniffio-1.3.1.tar.gz", hash = "sha256:f4324edc670a0f49750a81b895f35c3adb843cca46f0530f79fc1babb23789dc", size = 20372, upload-time = "2024-02-25T23:20:04.057Z" }
wheels = [
    { url = "https://files.pythonhosted.org/packages/e9/44/75a9c9421471a6c4805dbf2356f7c181a29c1879239abab1ea2cc8f38b40/sniffio-1.3.1-py3-none-any.whl", hash = "sha256:2f6da418d1f1e0fddd844478f41680e794e6051915791a034ff65e5f100525a2", size = 10235, upload-time = "2024-02-25T23:20:01.196Z" },
]

[[package]]
name = "typing-extensions"
version = "4.15.0"
source = { registry = "https://pypi.org/simple" }
sdist = { url = "https://files.pythonhosted.org/packages/72/94/1a15dd82efb362ac84269196e94cf00f187f7ed21c242792a923cdb1c61f/typing_extensions-4.15.0.tar.gz", hash = "sha256:0cea48d173cc12fa28ecabc3b837ea3cf6f38c6d1136f85cbaaf598984861466", size = 109391, upload-time = "2025-08-25T13:49:26.313Z" }
wheels = [
    { url = "https://files.pythonhosted.org/packages/18/67/36e9267722cc04a6b9f15c7f3441c2363321a3ea07da7ae0c0707beb2a9c/typing_extensions-4.15.0-py3-none-any.whl", hash = "sha256:f0fa19c6845758ab08074a0cfa8b7aecb71c999ca73d62883bc25cc018c4e548", size = 44614, upload-time = "2025-08-25T13:49:24.86Z" },
]

[[package]]
name = "urllib3"
version = "1.26.20"
source = { registry = "https://pypi.org/simple" }
sdist = { url = "https://files.pythonhosted.org/packages/e4/e8/6ff5e6bc22095cfc59b6ea711b687e2b7ed4bdb373f7eeec370a97d7392f/urllib3-1.26.20.tar.gz", hash = "sha256:40c2dc0c681e47eb8f90e7e27bf6ff7df2e677421fd46756da1161c39ca70d32", size = 307380, upload-time = "2024-08-29T15:43:11.37Z" }
wheels = [
    { url = "https://files.pythonhosted.org/packages/33/cf/8435d5a7159e2a9c83a95896ed596f68cf798005fe107cc655b5c5c14704/urllib3-1.26.20-py2.py3-none-any.whl", hash = "sha256:0ed14ccfbf1c30a9072c7ca157e4319b70d65f623e91e7b32fadb2853431016e", size = 144225, upload-time = "2024-08-29T15:43:08.921Z" },
]
